
Microsoft Visual Studio Solution File, Format Version 12.00
# Visual Studio Version 17
VisualStudioVersion = 17.11.35327.3
MinimumVisualStudioVersion = 10.0.40219.1
Project("{9A19103F-16F7-4668-BE54-9A1E7A4F7556}") = "BookManager.DataAccess", "BookManager.DataAccess\BookManager.DataAccess.csproj", "{827DBF5C-8917-4396-8ED6-40B43AF25ADE}"
EndProject
Project("{9A19103F-16F7-4668-BE54-9A1E7A4F7556}") = "BookManager.API", "BookManager.API\BookManager.API.csproj", "{E36FF540-0ACB-478F-AEF8-E938675FE184}"
EndProject
Project("{2150E333-8FDC-42A3-9474-1A3956D46DE8}") = "Solution Items", "Solution Items", "{B0D1FF4E-DCF9-455D-8C99-2A02789C74C5}"
	ProjectSection(SolutionItems) = preProject
		.gitignore = .gitignore
	EndProjectSection
EndProject
Global
	GlobalSection(SolutionConfigurationPlatforms) = preSolution
		Debug|Any CPU = Debug|Any CPU
		Release|Any CPU = Release|Any CPU
	EndGlobalSection
	GlobalSection(ProjectConfigurationPlatforms) = postSolution
		{827DBF5C-8917-4396-8ED6-40B43AF25ADE}.Debug|Any CPU.ActiveCfg = Debug|Any CPU
		{827DBF5C-8917-4396-8ED6-40B43AF25ADE}.Debug|Any CPU.Build.0 = Debug|Any CPU
		{827DBF5C-8917-4396-8ED6-40B43AF25ADE}.Release|Any CPU.ActiveCfg = Release|Any CPU
		{827DBF5C-8917-4396-8ED6-40B43AF25ADE}.Release|Any CPU.Build.0 = Release|Any CPU
		{E36FF540-0ACB-478F-AEF8-E938675FE184}.Debug|Any CPU.ActiveCfg = Debug|Any CPU
		{E36FF540-0ACB-478F-AEF8-E938675FE184}.Debug|Any CPU.Build.0 = Debug|Any CPU
		{E36FF540-0ACB-478F-AEF8-E938675FE184}.Release|Any CPU.ActiveCfg = Release|Any CPU
		{E36FF540-0ACB-478F-AEF8-E938675FE184}.Release|Any CPU.Build.0 = Release|Any CPU
	EndGlobalSection
	GlobalSection(SolutionProperties) = preSolution
		HideSolutionNode = FALSE
	EndGlobalSection
	GlobalSection(ExtensibilityGlobals) = postSolution
		SolutionGuid = {218EF8F9-53C2-405A-8271-9C90A8F28D0D}
	EndGlobalSection
EndGlobal
